
Microsoft Visual Studio Solution File, Format Version 12.00
# Visual Studio Version 17
VisualStudioVersion = 17.14.36518.9 d17.14
MinimumVisualStudioVersion = 10.0.40219.1
Project("{FAE04EC0-301F-11D3-BF4B-00C04F79EFBC}") = "DocumentValidationAPI.Api", "DocumentValidationAPI.Api.csproj", "{9F775845-0356-3BB2-1AAA-AAC43F34EA4D}"
EndProject
Project("{FAE04EC0-301F-11D3-BF4B-00C04F79EFBC}") = "DocumentValidationAPI.Domain", "..\DocumentValidationAPI.Domain\DocumentValidationAPI.Domain.csproj", "{2F537731-76C1-4D19-BC63-10E7A61C8379}"
EndProject
Project("{FAE04EC0-301F-11D3-BF4B-00C04F79EFBC}") = "DocumentValidationAPI.Application", "..\DocumentValidationAPI.Application\DocumentValidationAPI.Application.csproj", "{D8979567-DEE7-4251-B996-8057E785338D}"
EndProject
Project("{FAE04EC0-301F-11D3-BF4B-00C04F79EFBC}") = "DocumentValidationAPI.Infrastructure", "..\DocumentValidationAPI.Infrastructure\DocumentValidationAPI.Infrastructure.csproj", "{5CCBFC36-CE4B-454B-9748-277715AE690A}"
EndProject
Global
	GlobalSection(SolutionConfigurationPlatforms) = preSolution
		Debug|Any CPU = Debug|Any CPU
		Release|Any CPU = Release|Any CPU
	EndGlobalSection
	GlobalSection(ProjectConfigurationPlatforms) = postSolution
		{9F775845-0356-3BB2-1AAA-AAC43F34EA4D}.Debug|Any CPU.ActiveCfg = Debug|Any CPU
		{9F775845-0356-3BB2-1AAA-AAC43F34EA4D}.Debug|Any CPU.Build.0 = Debug|Any CPU
		{9F775845-0356-3BB2-1AAA-AAC43F34EA4D}.Release|Any CPU.ActiveCfg = Release|Any CPU
		{9F775845-0356-3BB2-1AAA-AAC43F34EA4D}.Release|Any CPU.Build.0 = Release|Any CPU
		{2F537731-76C1-4D19-BC63-10E7A61C8379}.Debug|Any CPU.ActiveCfg = Debug|Any CPU
		{2F537731-76C1-4D19-BC63-10E7A61C8379}.Debug|Any CPU.Build.0 = Debug|Any CPU
		{2F537731-76C1-4D19-BC63-10E7A61C8379}.Release|Any CPU.ActiveCfg = Release|Any CPU
		{2F537731-76C1-4D19-BC63-10E7A61C8379}.Release|Any CPU.Build.0 = Release|Any CPU
		{D8979567-DEE7-4251-B996-8057E785338D}.Debug|Any CPU.ActiveCfg = Debug|Any CPU
		{D8979567-DEE7-4251-B996-8057E785338D}.Debug|Any CPU.Build.0 = Debug|Any CPU
		{D8979567-DEE7-4251-B996-8057E785338D}.Release|Any CPU.ActiveCfg = Release|Any CPU
		{D8979567-DEE7-4251-B996-8057E785338D}.Release|Any CPU.Build.0 = Release|Any CPU
		{5CCBFC36-CE4B-454B-9748-277715AE690A}.Debug|Any CPU.ActiveCfg = Debug|Any CPU
		{5CCBFC36-CE4B-454B-9748-277715AE690A}.Debug|Any CPU.Build.0 = Debug|Any CPU
		{5CCBFC36-CE4B-454B-9748-277715AE690A}.Release|Any CPU.ActiveCfg = Release|Any CPU
		{5CCBFC36-CE4B-454B-9748-277715AE690A}.Release|Any CPU.Build.0 = Release|Any CPU
	EndGlobalSection
	GlobalSection(SolutionProperties) = preSolution
		HideSolutionNode = FALSE
	EndGlobalSection
	GlobalSection(ExtensibilityGlobals) = postSolution
		SolutionGuid = {0A5160A0-4BD4-4551-9AEE-A725BDC0E4CF}
	EndGlobalSection
EndGlobal
